
Microsoft Visual Studio Solution File, Format Version 12.00
# Visual Studio Version 17
VisualStudioVersion = 17.13.35931.197
MinimumVisualStudioVersion = 10.0.40219.1
Project("{FAE04EC0-301F-11D3-BF4B-00C04F79EFBC}") = "BulkyBookWeb", "BulkyWeb\BulkyBookWeb.csproj", "{43814DE4-22B5-4ED9-9D37-E6378533F65B}"
EndProject
Project("{FAE04EC0-301F-11D3-BF4B-00C04F79EFBC}") = "BulkyBook.DataAccess", "Bulky.DataAccess\BulkyBook.DataAccess.csproj", "{BF6BCB77-01AE-4F56-9893-E5114DF1F495}"
EndProject
Project("{FAE04EC0-301F-11D3-BF4B-00C04F79EFBC}") = "BulkyBook.Models", "Bulky.Models\BulkyBook.Models.csproj", "{F7E0CA00-A789-4074-B0C1-F08729CD6A5B}"
EndProject
Project("{FAE04EC0-301F-11D3-BF4B-00C04F79EFBC}") = "BulkyBook.Utility", "Bulky.Utility\BulkyBook.Utility.csproj", "{6D1E3C29-C7F7-4D42-B2FB-6780C7744ACC}"
EndProject
Global
	GlobalSection(SolutionConfigurationPlatforms) = preSolution
		Debug|Any CPU = Debug|Any CPU
		Release|Any CPU = Release|Any CPU
	EndGlobalSection
	GlobalSection(ProjectConfigurationPlatforms) = postSolution
		{43814DE4-22B5-4ED9-9D37-E6378533F65B}.Debug|Any CPU.ActiveCfg = Debug|Any CPU
		{43814DE4-22B5-4ED9-9D37-E6378533F65B}.Debug|Any CPU.Build.0 = Debug|Any CPU
		{43814DE4-22B5-4ED9-9D37-E6378533F65B}.Release|Any CPU.ActiveCfg = Release|Any CPU
		{43814DE4-22B5-4ED9-9D37-E6378533F65B}.Release|Any CPU.Build.0 = Release|Any CPU
		{BF6BCB77-01AE-4F56-9893-E5114DF1F495}.Debug|Any CPU.ActiveCfg = Debug|Any CPU
		{BF6BCB77-01AE-4F56-9893-E5114DF1F495}.Debug|Any CPU.Build.0 = Debug|Any CPU
		{BF6BCB77-01AE-4F56-9893-E5114DF1F495}.Release|Any CPU.ActiveCfg = Release|Any CPU
		{BF6BCB77-01AE-4F56-9893-E5114DF1F495}.Release|Any CPU.Build.0 = Release|Any CPU
		{F7E0CA00-A789-4074-B0C1-F08729CD6A5B}.Debug|Any CPU.ActiveCfg = Debug|Any CPU
		{F7E0CA00-A789-4074-B0C1-F08729CD6A5B}.Debug|Any CPU.Build.0 = Debug|Any CPU
		{F7E0CA00-A789-4074-B0C1-F08729CD6A5B}.Release|Any CPU.ActiveCfg = Release|Any CPU
		{F7E0CA00-A789-4074-B0C1-F08729CD6A5B}.Release|Any CPU.Build.0 = Release|Any CPU
		{6D1E3C29-C7F7-4D42-B2FB-6780C7744ACC}.Debug|Any CPU.ActiveCfg = Debug|Any CPU
		{6D1E3C29-C7F7-4D42-B2FB-6780C7744ACC}.Debug|Any CPU.Build.0 = Debug|Any CPU
		{6D1E3C29-C7F7-4D42-B2FB-6780C7744ACC}.Release|Any CPU.ActiveCfg = Release|Any CPU
		{6D1E3C29-C7F7-4D42-B2FB-6780C7744ACC}.Release|Any CPU.Build.0 = Release|Any CPU
	EndGlobalSection
	GlobalSection(SolutionProperties) = preSolution
		HideSolutionNode = FALSE
	EndGlobalSection
	GlobalSection(ExtensibilityGlobals) = postSolution
		SolutionGuid = {A528A8C6-B58E-49A5-9CBC-521D4B996F33}
	EndGlobalSection
EndGlobal
